
Microsoft Visual Studio Solution File, Format Version 12.00
# Visual Studio Version 17
VisualStudioVersion = 17.14.36109.1
MinimumVisualStudioVersion = 10.0.40219.1
Project("{FAE04EC0-301F-11D3-BF4B-00C04F79EFBC}") = "WebUI", "ProyectoIt\WebUI.csproj", "{D4AC3D1E-24F8-4054-9A08-A7FD03BB1D6F}"
EndProject
Project("{FAE04EC0-301F-11D3-BF4B-00C04F79EFBC}") = "Application", "Application\Application.csproj", "{49F2D31C-12C2-4659-B5D6-B14A874B74AD}"
EndProject
Project("{FAE04EC0-301F-11D3-BF4B-00C04F79EFBC}") = "Domain", "Domain\Domain.csproj", "{D1D71DCF-01DC-4DA8-AEAB-D1605C387DBD}"
EndProject
Project("{FAE04EC0-301F-11D3-BF4B-00C04F79EFBC}") = "Infrastructure", "Infrastructure\Infrastructure.csproj", "{0745887B-8BCA-4EDC-A695-C8D931551A0B}"
EndProject
Project("{2150E333-8FDC-42A3-9474-1A3956D46DE8}") = "Src", "Src", "{02EA681E-C7D8-13C7-8484-4AC65E1B71E8}"
EndProject
Project("{2150E333-8FDC-42A3-9474-1A3956D46DE8}") = "Test", "Test", "{48B059B9-C3CA-43F5-A7F9-E074A98B2857}"
EndProject
Project("{2150E333-8FDC-42A3-9474-1A3956D46DE8}") = "EmailService", "EmailService", "{9007B314-4FD6-43C9-9A69-07BA155E2612}"
EndProject
Project("{FAE04EC0-301F-11D3-BF4B-00C04F79EFBC}") = "Application.UnitTest", "Application.UnitTest\Application.UnitTest.csproj", "{21F294C9-BFAD-49BF-B7F4-791E3C4FE4C5}"
EndProject
Project("{FAE04EC0-301F-11D3-BF4B-00C04F79EFBC}") = "Domain.UnitTest", "Domain.UnitTest\Domain.UnitTest.csproj", "{7D5C1863-2D7B-47EF-87F8-EC75AAAC5421}"
EndProject
Project("{FAE04EC0-301F-11D3-BF4B-00C04F79EFBC}") = "EmailService.Console", "ConsoleApp1\EmailService.Console.csproj", "{61AC9B9F-3ED8-4671-8C3E-7254E63FBA1B}"
EndProject
Global
	GlobalSection(SolutionConfigurationPlatforms) = preSolution
		Debug|Any CPU = Debug|Any CPU
		Release|Any CPU = Release|Any CPU
	EndGlobalSection
	GlobalSection(ProjectConfigurationPlatforms) = postSolution
		{D4AC3D1E-24F8-4054-9A08-A7FD03BB1D6F}.Debug|Any CPU.ActiveCfg = Debug|Any CPU
		{D4AC3D1E-24F8-4054-9A08-A7FD03BB1D6F}.Debug|Any CPU.Build.0 = Debug|Any CPU
		{D4AC3D1E-24F8-4054-9A08-A7FD03BB1D6F}.Release|Any CPU.ActiveCfg = Release|Any CPU
		{D4AC3D1E-24F8-4054-9A08-A7FD03BB1D6F}.Release|Any CPU.Build.0 = Release|Any CPU
		{49F2D31C-12C2-4659-B5D6-B14A874B74AD}.Debug|Any CPU.ActiveCfg = Debug|Any CPU
		{49F2D31C-12C2-4659-B5D6-B14A874B74AD}.Debug|Any CPU.Build.0 = Debug|Any CPU
		{49F2D31C-12C2-4659-B5D6-B14A874B74AD}.Release|Any CPU.ActiveCfg = Release|Any CPU
		{49F2D31C-12C2-4659-B5D6-B14A874B74AD}.Release|Any CPU.Build.0 = Release|Any CPU
		{D1D71DCF-01DC-4DA8-AEAB-D1605C387DBD}.Debug|Any CPU.ActiveCfg = Debug|Any CPU
		{D1D71DCF-01DC-4DA8-AEAB-D1605C387DBD}.Debug|Any CPU.Build.0 = Debug|Any CPU
		{D1D71DCF-01DC-4DA8-AEAB-D1605C387DBD}.Release|Any CPU.ActiveCfg = Release|Any CPU
		{D1D71DCF-01DC-4DA8-AEAB-D1605C387DBD}.Release|Any CPU.Build.0 = Release|Any CPU
		{0745887B-8BCA-4EDC-A695-C8D931551A0B}.Debug|Any CPU.ActiveCfg = Debug|Any CPU
		{0745887B-8BCA-4EDC-A695-C8D931551A0B}.Debug|Any CPU.Build.0 = Debug|Any CPU
		{0745887B-8BCA-4EDC-A695-C8D931551A0B}.Release|Any CPU.ActiveCfg = Release|Any CPU
		{0745887B-8BCA-4EDC-A695-C8D931551A0B}.Release|Any CPU.Build.0 = Release|Any CPU
		{21F294C9-BFAD-49BF-B7F4-791E3C4FE4C5}.Debug|Any CPU.ActiveCfg = Debug|Any CPU
		{21F294C9-BFAD-49BF-B7F4-791E3C4FE4C5}.Debug|Any CPU.Build.0 = Debug|Any CPU
		{21F294C9-BFAD-49BF-B7F4-791E3C4FE4C5}.Release|Any CPU.ActiveCfg = Release|Any CPU
		{21F294C9-BFAD-49BF-B7F4-791E3C4FE4C5}.Release|Any CPU.Build.0 = Release|Any CPU
		{7D5C1863-2D7B-47EF-87F8-EC75AAAC5421}.Debug|Any CPU.ActiveCfg = Debug|Any CPU
		{7D5C1863-2D7B-47EF-87F8-EC75AAAC5421}.Debug|Any CPU.Build.0 = Debug|Any CPU
		{7D5C1863-2D7B-47EF-87F8-EC75AAAC5421}.Release|Any CPU.ActiveCfg = Release|Any CPU
		{7D5C1863-2D7B-47EF-87F8-EC75AAAC5421}.Release|Any CPU.Build.0 = Release|Any CPU
		{61AC9B9F-3ED8-4671-8C3E-7254E63FBA1B}.Debug|Any CPU.ActiveCfg = Debug|Any CPU
		{61AC9B9F-3ED8-4671-8C3E-7254E63FBA1B}.Debug|Any CPU.Build.0 = Debug|Any CPU
		{61AC9B9F-3ED8-4671-8C3E-7254E63FBA1B}.Release|Any CPU.ActiveCfg = Release|Any CPU
		{61AC9B9F-3ED8-4671-8C3E-7254E63FBA1B}.Release|Any CPU.Build.0 = Release|Any CPU
	EndGlobalSection
	GlobalSection(SolutionProperties) = preSolution
		HideSolutionNode = FALSE
	EndGlobalSection
	GlobalSection(NestedProjects) = preSolution
		{D4AC3D1E-24F8-4054-9A08-A7FD03BB1D6F} = {02EA681E-C7D8-13C7-8484-4AC65E1B71E8}
		{49F2D31C-12C2-4659-B5D6-B14A874B74AD} = {02EA681E-C7D8-13C7-8484-4AC65E1B71E8}
		{D1D71DCF-01DC-4DA8-AEAB-D1605C387DBD} = {02EA681E-C7D8-13C7-8484-4AC65E1B71E8}
		{0745887B-8BCA-4EDC-A695-C8D931551A0B} = {02EA681E-C7D8-13C7-8484-4AC65E1B71E8}
		{21F294C9-BFAD-49BF-B7F4-791E3C4FE4C5} = {48B059B9-C3CA-43F5-A7F9-E074A98B2857}
		{7D5C1863-2D7B-47EF-87F8-EC75AAAC5421} = {48B059B9-C3CA-43F5-A7F9-E074A98B2857}
		{61AC9B9F-3ED8-4671-8C3E-7254E63FBA1B} = {9007B314-4FD6-43C9-9A69-07BA155E2612}
	EndGlobalSection
	GlobalSection(ExtensibilityGlobals) = postSolution
		SolutionGuid = {1A4BCE31-BA49-4186-98CC-A5970A460B2E}
	EndGlobalSection
EndGlobal
